// !$*UTF8*$!
{
	archiveVersion = 1;
	classes = {
	};
	objectVersion = 46;
	objects = {

/* Begin PBXBuildFile section */
		0157256F12C5BE38B5C8E8BA /* Pods_SimpleNews.framework in Frameworks */ = {isa = PBXBuildFile; fileRef = F48B95DE9E8B07692C4D36E9 /* Pods_SimpleNews.framework */; };
		1F4DECB91E29C54400248F50 /* NewsModel.swift in Sources */ = {isa = PBXBuildFile; fileRef = 1F4DECB81E29C54400248F50 /* NewsModel.swift */; };
		1F4DECBB1E29C77300248F50 /* NewsViewModel.swift in Sources */ = {isa = PBXBuildFile; fileRef = 1F4DECBA1E29C77300248F50 /* NewsViewModel.swift */; };
		1F4DECBD1E29C78300248F50 /* NewsViewController.swift in Sources */ = {isa = PBXBuildFile; fileRef = 1F4DECBC1E29C78300248F50 /* NewsViewController.swift */; };
		1F7F814D1E1CE03A00856288 /* AppDelegate.swift in Sources */ = {isa = PBXBuildFile; fileRef = 1F7F814C1E1CE03A00856288 /* AppDelegate.swift */; };
		1F7F81521E1CE03A00856288 /* Main.storyboard in Resources */ = {isa = PBXBuildFile; fileRef = 1F7F81501E1CE03A00856288 /* Main.storyboard */; };
		1F7F81551E1CE03A00856288 /* SimpleNews.xcdatamodeld in Sources */ = {isa = PBXBuildFile; fileRef = 1F7F81531E1CE03A00856288 /* SimpleNews.xcdatamodeld */; };
		1F7F81571E1CE03A00856288 /* Assets.xcassets in Resources */ = {isa = PBXBuildFile; fileRef = 1F7F81561E1CE03A00856288 /* Assets.xcassets */; };
		1F7F815A1E1CE03A00856288 /* LaunchScreen.storyboard in Resources */ = {isa = PBXBuildFile; fileRef = 1F7F81581E1CE03A00856288 /* LaunchScreen.storyboard */; };
		1F97EF291E1F8BE1009382F8 /* MMBaseAnimator.swift in Sources */ = {isa = PBXBuildFile; fileRef = 1F97EF261E1F8BE1009382F8 /* MMBaseAnimator.swift */; };
		1F97EF2A1E1F8BE1009382F8 /* MMPopAnimator.swift in Sources */ = {isa = PBXBuildFile; fileRef = 1F97EF271E1F8BE1009382F8 /* MMPopAnimator.swift */; };
		1F97EF2B1E1F8BE1009382F8 /* MMPushAnimator.swift in Sources */ = {isa = PBXBuildFile; fileRef = 1F97EF281E1F8BE1009382F8 /* MMPushAnimator.swift */; };
		1F97EF2E1E1F8D49009382F8 /* GlobalParameter.swift in Sources */ = {isa = PBXBuildFile; fileRef = 1F97EF2D1E1F8D49009382F8 /* GlobalParameter.swift */; };
		1F97EF311E1F8DAA009382F8 /* Extensions.swift in Sources */ = {isa = PBXBuildFile; fileRef = 1F97EF301E1F8DAA009382F8 /* Extensions.swift */; };
/* End PBXBuildFile section */

/* Begin PBXFileReference section */
		1F4DECB81E29C54400248F50 /* NewsModel.swift */ = {isa = PBXFileReference; fileEncoding = 4; lastKnownFileType = sourcecode.swift; path = NewsModel.swift; sourceTree = "<group>"; };
		1F4DECBA1E29C77300248F50 /* NewsViewModel.swift */ = {isa = PBXFileReference; fileEncoding = 4; lastKnownFileType = sourcecode.swift; path = NewsViewModel.swift; sourceTree = "<group>"; };
		1F4DECBC1E29C78300248F50 /* NewsViewController.swift */ = {isa = PBXFileReference; fileEncoding = 4; lastKnownFileType = sourcecode.swift; path = NewsViewController.swift; sourceTree = "<group>"; };
		1F7F81491E1CE03A00856288 /* SimpleNews.app */ = {isa = PBXFileReference; explicitFileType = wrapper.application; includeInIndex = 0; path = SimpleNews.app; sourceTree = BUILT_PRODUCTS_DIR; };
		1F7F814C1E1CE03A00856288 /* AppDelegate.swift */ = {isa = PBXFileReference; lastKnownFileType = sourcecode.swift; path = AppDelegate.swift; sourceTree = "<group>"; };
		1F7F81511E1CE03A00856288 /* Base */ = {isa = PBXFileReference; lastKnownFileType = file.storyboard; name = Base; path = Base.lproj/Main.storyboard; sourceTree = "<group>"; };
		1F7F81541E1CE03A00856288 /* SimpleNews.xcdatamodel */ = {isa = PBXFileReference; lastKnownFileType = wrapper.xcdatamodel; path = SimpleNews.xcdatamodel; sourceTree = "<group>"; };
		1F7F81561E1CE03A00856288 /* Assets.xcassets */ = {isa = PBXFileReference; lastKnownFileType = folder.assetcatalog; path = Assets.xcassets; sourceTree = "<group>"; };
		1F7F81591E1CE03A00856288 /* Base */ = {isa = PBXFileReference; lastKnownFileType = file.storyboard; name = Base; path = Base.lproj/LaunchScreen.storyboard; sourceTree = "<group>"; };
		1F7F815B1E1CE03A00856288 /* Info.plist */ = {isa = PBXFileReference; lastKnownFileType = text.plist.xml; path = Info.plist; sourceTree = "<group>"; };
		1F97EF261E1F8BE1009382F8 /* MMBaseAnimator.swift */ = {isa = PBXFileReference; fileEncoding = 4; lastKnownFileType = sourcecode.swift; path = MMBaseAnimator.swift; sourceTree = "<group>"; };
		1F97EF271E1F8BE1009382F8 /* MMPopAnimator.swift */ = {isa = PBXFileReference; fileEncoding = 4; lastKnownFileType = sourcecode.swift; path = MMPopAnimator.swift; sourceTree = "<group>"; };
		1F97EF281E1F8BE1009382F8 /* MMPushAnimator.swift */ = {isa = PBXFileReference; fileEncoding = 4; lastKnownFileType = sourcecode.swift; path = MMPushAnimator.swift; sourceTree = "<group>"; };
		1F97EF2D1E1F8D49009382F8 /* GlobalParameter.swift */ = {isa = PBXFileReference; fileEncoding = 4; lastKnownFileType = sourcecode.swift; path = GlobalParameter.swift; sourceTree = "<group>"; };
		1F97EF301E1F8DAA009382F8 /* Extensions.swift */ = {isa = PBXFileReference; fileEncoding = 4; lastKnownFileType = sourcecode.swift; path = Extensions.swift; sourceTree = "<group>"; };
		E4DDCD2DF01ABEF326314B23 /* Pods-SimpleNews.debug.xcconfig */ = {isa = PBXFileReference; includeInIndex = 1; lastKnownFileType = text.xcconfig; name = "Pods-SimpleNews.debug.xcconfig"; path = "Pods/Target Support Files/Pods-SimpleNews/Pods-SimpleNews.debug.xcconfig"; sourceTree = "<group>"; };
		E8A9F1A6F4DA5015999E5FCA /* Pods-SimpleNews.release.xcconfig */ = {isa = PBXFileReference; includeInIndex = 1; lastKnownFileType = text.xcconfig; name = "Pods-SimpleNews.release.xcconfig"; path = "Pods/Target Support Files/Pods-SimpleNews/Pods-SimpleNews.release.xcconfig"; sourceTree = "<group>"; };
		F48B95DE9E8B07692C4D36E9 /* Pods_SimpleNews.framework */ = {isa = PBXFileReference; explicitFileType = wrapper.framework; includeInIndex = 0; path = Pods_SimpleNews.framework; sourceTree = BUILT_PRODUCTS_DIR; };
/* End PBXFileReference section */

/* Begin PBXFrameworksBuildPhase section */
		1F7F81461E1CE03A00856288 /* Frameworks */ = {
			isa = PBXFrameworksBuildPhase;
			buildActionMask = 2147483647;
			files = (
				0157256F12C5BE38B5C8E8BA /* Pods_SimpleNews.framework in Frameworks */,
			);
			runOnlyForDeploymentPostprocessing = 0;
		};
/* End PBXFrameworksBuildPhase section */

/* Begin PBXGroup section */
		1F4DECB61E29C4D900248F50 /* Main */ = {
			isa = PBXGroup;
			children = (
				1F4DECB71E29C4FC00248F50 /* News */,
			);
			path = Main;
			sourceTree = "<group>";
		};
		1F4DECB71E29C4FC00248F50 /* News */ = {
			isa = PBXGroup;
			children = (
				1F4DECB81E29C54400248F50 /* NewsModel.swift */,
				1F4DECBA1E29C77300248F50 /* NewsViewModel.swift */,
				1F4DECBC1E29C78300248F50 /* NewsViewController.swift */,
			);
			path = News;
			sourceTree = "<group>";
		};
		1F7F81401E1CE03A00856288 = {
			isa = PBXGroup;
			children = (
				1F7F814B1E1CE03A00856288 /* SimpleNews */,
				1F7F814A1E1CE03A00856288 /* Products */,
				E9C88186AEA4261539180039 /* Pods */,
				9204026B034481006492D1F3 /* Frameworks */,
			);
			sourceTree = "<group>";
		};
		1F7F814A1E1CE03A00856288 /* Products */ = {
			isa = PBXGroup;
			children = (
				1F7F81491E1CE03A00856288 /* SimpleNews.app */,
			);
			name = Products;
			sourceTree = "<group>";
		};
		1F7F814B1E1CE03A00856288 /* SimpleNews */ = {
			isa = PBXGroup;
			children = (
				1F7F814C1E1CE03A00856288 /* AppDelegate.swift */,
				1F4DECB61E29C4D900248F50 /* Main */,
				1F97EF231E1F8932009382F8 /* Global */,
				1F97EF221E1F8923009382F8 /* Custom */,
				1F97EF241E1F8932009382F8 /* Sources */,
				1F97EF2C1E1F8C3F009382F8 /* Helper */,
				1F7F81501E1CE03A00856288 /* Main.storyboard */,
				1F7F81561E1CE03A00856288 /* Assets.xcassets */,
				1F7F81581E1CE03A00856288 /* LaunchScreen.storyboard */,
				1F7F815B1E1CE03A00856288 /* Info.plist */,
				1F7F81531E1CE03A00856288 /* SimpleNews.xcdatamodeld */,
			);
			path = SimpleNews;
			sourceTree = "<group>";
		};
		1F97EF221E1F8923009382F8 /* Custom */ = {
			isa = PBXGroup;
			children = (
				1F97EF2F1E1F8DA0009382F8 /* Extensions */,
				1F97EF251E1F8BE1009382F8 /* Transitions */,
			);
			path = Custom;
			sourceTree = "<group>";
		};
		1F97EF231E1F8932009382F8 /* Global */ = {
			isa = PBXGroup;
			children = (
				1F97EF2D1E1F8D49009382F8 /* GlobalParameter.swift */,
			);
			path = Global;
			sourceTree = "<group>";
		};
		1F97EF241E1F8932009382F8 /* Sources */ = {
			isa = PBXGroup;
			children = (
			);
			path = Sources;
			sourceTree = "<group>";
		};
		1F97EF251E1F8BE1009382F8 /* Transitions */ = {
			isa = PBXGroup;
			children = (
				1F97EF261E1F8BE1009382F8 /* MMBaseAnimator.swift */,
				1F97EF271E1F8BE1009382F8 /* MMPopAnimator.swift */,
				1F97EF281E1F8BE1009382F8 /* MMPushAnimator.swift */,
			);
			path = Transitions;
			sourceTree = "<group>";
		};
		1F97EF2C1E1F8C3F009382F8 /* Helper */ = {
			isa = PBXGroup;
			children = (
			);
			path = Helper;
			sourceTree = "<group>";
		};
		1F97EF2F1E1F8DA0009382F8 /* Extensions */ = {
			isa = PBXGroup;
			children = (
				1F97EF301E1F8DAA009382F8 /* Extensions.swift */,
			);
			path = Extensions;
			sourceTree = "<group>";
		};
		9204026B034481006492D1F3 /* Frameworks */ = {
			isa = PBXGroup;
			children = (
				F48B95DE9E8B07692C4D36E9 /* Pods_SimpleNews.framework */,
			);
			name = Frameworks;
			sourceTree = "<group>";
		};
		E9C88186AEA4261539180039 /* Pods */ = {
			isa = PBXGroup;
			children = (
				E4DDCD2DF01ABEF326314B23 /* Pods-SimpleNews.debug.xcconfig */,
				E8A9F1A6F4DA5015999E5FCA /* Pods-SimpleNews.release.xcconfig */,
			);
			name = Pods;
			sourceTree = "<group>";
		};
/* End PBXGroup section */

/* Begin PBXNativeTarget section */
		1F7F81481E1CE03A00856288 /* SimpleNews */ = {
			isa = PBXNativeTarget;
			buildConfigurationList = 1F7F815E1E1CE03A00856288 /* Build configuration list for PBXNativeTarget "SimpleNews" */;
			buildPhases = (
				355C7815687604B7631A2EFF /* [CP] Check Pods Manifest.lock */,
				1F7F81451E1CE03A00856288 /* Sources */,
				1F7F81461E1CE03A00856288 /* Frameworks */,
				1F7F81471E1CE03A00856288 /* Resources */,
				BBA7C0176A6EEF335B32649E /* [CP] Embed Pods Frameworks */,
				80B97AC8E983BBB463DB0044 /* [CP] Copy Pods Resources */,
			);
			buildRules = (
			);
			dependencies = (
			);
			name = SimpleNews;
			productName = SimpleNews;
			productReference = 1F7F81491E1CE03A00856288 /* SimpleNews.app */;
			productType = "com.apple.product-type.application";
		};
/* End PBXNativeTarget section */

/* Begin PBXProject section */
		1F7F81411E1CE03A00856288 /* Project object */ = {
			isa = PBXProject;
			attributes = {
				LastSwiftUpdateCheck = 0810;
				LastUpgradeCheck = 0810;
				ORGANIZATIONNAME = MrMessy;
				TargetAttributes = {
					1F7F81481E1CE03A00856288 = {
						CreatedOnToolsVersion = 8.1;
						DevelopmentTeam = 8EHU4VV58X;
						LastSwiftMigration = 0810;
						ProvisioningStyle = Automatic;
					};
				};
			};
			buildConfigurationList = 1F7F81441E1CE03A00856288 /* Build configuration list for PBXProject "SimpleNews" */;
			compatibilityVersion = "Xcode 3.2";
			developmentRegion = English;
			hasScannedForEncodings = 0;
			knownRegions = (
				en,
				Base,
			);
			mainGroup = 1F7F81401E1CE03A00856288;
			productRefGroup = 1F7F814A1E1CE03A00856288 /* Products */;
			projectDirPath = "";
			projectRoot = "";
			targets = (
				1F7F81481E1CE03A00856288 /* SimpleNews */,
			);
		};
/* End PBXProject section */

/* Begin PBXResourcesBuildPhase section */
		1F7F81471E1CE03A00856288 /* Resources */ = {
			isa = PBXResourcesBuildPhase;
			buildActionMask = 2147483647;
			files = (
				1F7F815A1E1CE03A00856288 /* LaunchScreen.storyboard in Resources */,
				1F7F81571E1CE03A00856288 /* Assets.xcassets in Resources */,
				1F7F81521E1CE03A00856288 /* Main.storyboard in Resources */,
			);
			runOnlyForDeploymentPostprocessing = 0;
		};
/* End PBXResourcesBuildPhase section */

/* Begin PBXShellScriptBuildPhase section */
		355C7815687604B7631A2EFF /* [CP] Check Pods Manifest.lock */ = {
			isa = PBXShellScriptBuildPhase;
			buildActionMask = 2147483647;
			files = (
			);
			inputPaths = (
			);
			name = "[CP] Check Pods Manifest.lock";
			outputPaths = (
			);
			runOnlyForDeploymentPostprocessing = 0;
			shellPath = /bin/sh;
			shellScript = "diff \"${PODS_ROOT}/../Podfile.lock\" \"${PODS_ROOT}/Manifest.lock\" > /dev/null\nif [ $? != 0 ] ; then\n    # print error to STDERR\n    echo \"error: The sandbox is not in sync with the Podfile.lock. Run 'pod install' or update your CocoaPods installation.\" >&2\n    exit 1\nfi\n";
			showEnvVarsInLog = 0;
		};
		80B97AC8E983BBB463DB0044 /* [CP] Copy Pods Resources */ = {
			isa = PBXShellScriptBuildPhase;
			buildActionMask = 2147483647;
			files = (
			);
			inputPaths = (
			);
			name = "[CP] Copy Pods Resources";
			outputPaths = (
			);
			runOnlyForDeploymentPostprocessing = 0;
			shellPath = /bin/sh;
			shellScript = "\"${SRCROOT}/Pods/Target Support Files/Pods-SimpleNews/Pods-SimpleNews-resources.sh\"\n";
			showEnvVarsInLog = 0;
		};
		BBA7C0176A6EEF335B32649E /* [CP] Embed Pods Frameworks */ = {
			isa = PBXShellScriptBuildPhase;
			buildActionMask = 2147483647;
			files = (
			);
			inputPaths = (
			);
			name = "[CP] Embed Pods Frameworks";
			outputPaths = (
			);
			runOnlyForDeploymentPostprocessing = 0;
			shellPath = /bin/sh;
			shellScript = "\"${SRCROOT}/Pods/Target Support Files/Pods-SimpleNews/Pods-SimpleNews-frameworks.sh\"\n";
			showEnvVarsInLog = 0;
		};
/* End PBXShellScriptBuildPhase section */

/* Begin PBXSourcesBuildPhase section */
		1F7F81451E1CE03A00856288 /* Sources */ = {
			isa = PBXSourcesBuildPhase;
			buildActionMask = 2147483647;
			files = (
				1F4DECB91E29C54400248F50 /* NewsModel.swift in Sources */,
				1F4DECBB1E29C77300248F50 /* NewsViewModel.swift in Sources */,
				1F97EF2E1E1F8D49009382F8 /* GlobalParameter.swift in Sources */,
				1F4DECBD1E29C78300248F50 /* NewsViewController.swift in Sources */,
				1F7F81551E1CE03A00856288 /* SimpleNews.xcdatamodeld in Sources */,
				1F97EF291E1F8BE1009382F8 /* MMBaseAnimator.swift in Sources */,
				1F97EF2A1E1F8BE1009382F8 /* MMPopAnimator.swift in Sources */,
				1F97EF2B1E1F8BE1009382F8 /* MMPushAnimator.swift in Sources */,
				1F7F814D1E1CE03A00856288 /* AppDelegate.swift in Sources */,
				1F97EF311E1F8DAA009382F8 /* Extensions.swift in Sources */,
			);
			runOnlyForDeploymentPostprocessing = 0;
		};
/* End PBXSourcesBuildPhase section */

/* Begin PBXVariantGroup section */
		1F7F81501E1CE03A00856288 /* Main.storyboard */ = {
			isa = PBXVariantGroup;
			children = (
				1F7F81511E1CE03A00856288 /* Base */,
			);
			name = Main.storyboard;
			sourceTree = "<group>";
		};
		1F7F81581E1CE03A00856288 /* LaunchScreen.storyboard */ = {
			isa = PBXVariantGroup;
			children = (
				1F7F81591E1CE03A00856288 /* Base */,
			);
			name = LaunchScreen.storyboard;
			sourceTree = "<group>";
		};
/* End PBXVariantGroup section */

/* Begin XCBuildConfiguration section */
		1F7F815C1E1CE03A00856288 /* Debug */ = {
			isa = XCBuildConfiguration;
			buildSettings = {
				ALWAYS_SEARCH_USER_PATHS = NO;
				CLANG_ANALYZER_NONNULL = YES;
				CLANG_CXX_LANGUAGE_STANDARD = "gnu++0x";
				CLANG_CXX_LIBRARY = "libc++";
				CLANG_ENABLE_MODULES = YES;
				CLANG_ENABLE_OBJC_ARC = YES;
				CLANG_WARN_BOOL_CONVERSION = YES;
				CLANG_WARN_CONSTANT_CONVERSION = YES;
				CLANG_WARN_DIRECT_OBJC_ISA_USAGE = YES_ERROR;
				CLANG_WARN_DOCUMENTATION_COMMENTS = YES;
				CLANG_WARN_EMPTY_BODY = YES;
				CLANG_WARN_ENUM_CONVERSION = YES;
				CLANG_WARN_INFINITE_RECURSION = YES;
				CLANG_WARN_INT_CONVERSION = YES;
				CLANG_WARN_OBJC_ROOT_CLASS = YES_ERROR;
				CLANG_WARN_SUSPICIOUS_MOVES = YES;
				CLANG_WARN_UNREACHABLE_CODE = YES;
				CLANG_WARN__DUPLICATE_METHOD_MATCH = YES;
				"CODE_SIGN_IDENTITY[sdk=iphoneos*]" = "iPhone Developer";
				COPY_PHASE_STRIP = NO;
				DEBUG_INFORMATION_FORMAT = dwarf;
				ENABLE_STRICT_OBJC_MSGSEND = YES;
				ENABLE_TESTABILITY = YES;
				GCC_C_LANGUAGE_STANDARD = gnu99;
				GCC_DYNAMIC_NO_PIC = NO;
				GCC_NO_COMMON_BLOCKS = YES;
				GCC_OPTIMIZATION_LEVEL = 0;
				GCC_PREPROCESSOR_DEFINITIONS = (
					"DEBUG=1",
					"$(inherited)",
				);
				GCC_WARN_64_TO_32_BIT_CONVERSION = YES;
				GCC_WARN_ABOUT_RETURN_TYPE = YES_ERROR;
				GCC_WARN_UNDECLARED_SELECTOR = YES;
				GCC_WARN_UNINITIALIZED_AUTOS = YES_AGGRESSIVE;
				GCC_WARN_UNUSED_FUNCTION = YES;
				GCC_WARN_UNUSED_VARIABLE = YES;
				IPHONEOS_DEPLOYMENT_TARGET = 10.1;
				MTL_ENABLE_DEBUG_INFO = YES;
				ONLY_ACTIVE_ARCH = YES;
				SDKROOT = iphoneos;
				SWIFT_ACTIVE_COMPILATION_CONDITIONS = DEBUG;
				SWIFT_OPTIMIZATION_LEVEL = "-Onone";
			};
			name = Debug;
		};
		1F7F815D1E1CE03A00856288 /* Release */ = {
			isa = XCBuildConfiguration;
			buildSettings = {
				ALWAYS_SEARCH_USER_PATHS = NO;
				CLANG_ANALYZER_NONNULL = YES;
				CLANG_CXX_LANGUAGE_STANDARD = "gnu++0x";
				CLANG_CXX_LIBRARY = "libc++";
				CLANG_ENABLE_MODULES = YES;
				CLANG_ENABLE_OBJC_ARC = YES;
				CLANG_WARN_BOOL_CONVERSION = YES;
				CLANG_WARN_CONSTANT_CONVERSION = YES;
				CLANG_WARN_DIRECT_OBJC_ISA_USAGE = YES_ERROR;
				CLANG_WARN_DOCUMENTATION_COMMENTS = YES;
				CLANG_WARN_EMPTY_BODY = YES;
				CLANG_WARN_ENUM_CONVERSION = YES;
				CLANG_WARN_INFINITE_RECURSION = YES;
				CLANG_WARN_INT_CONVERSION = YES;
				CLANG_WARN_OBJC_ROOT_CLASS = YES_ERROR;
				CLANG_WARN_SUSPICIOUS_MOVES = YES;
				CLANG_WARN_UNREACHABLE_CODE = YES;
				CLANG_WARN__DUPLICATE_METHOD_MATCH = YES;
				"CODE_SIGN_IDENTITY[sdk=iphoneos*]" = "iPhone Developer";
				COPY_PHASE_STRIP = NO;
				DEBUG_INFORMATION_FORMAT = "dwarf-with-dsym";
				ENABLE_NS_ASSERTIONS = NO;
				ENABLE_STRICT_OBJC_MSGSEND = YES;
				GCC_C_LANGUAGE_STANDARD = gnu99;
				GCC_NO_COMMON_BLOCKS = YES;
				GCC_WARN_64_TO_32_BIT_CONVERSION = YES;
				GCC_WARN_ABOUT_RETURN_TYPE = YES_ERROR;
				GCC_WARN_UNDECLARED_SELECTOR = YES;
				GCC_WARN_UNINITIALIZED_AUTOS = YES_AGGRESSIVE;
				GCC_WARN_UNUSED_FUNCTION = YES;
				GCC_WARN_UNUSED_VARIABLE = YES;
				IPHONEOS_DEPLOYMENT_TARGET = 10.1;
				MTL_ENABLE_DEBUG_INFO = NO;
				SDKROOT = iphoneos;
				SWIFT_OPTIMIZATION_LEVEL = "-Owholemodule";
				VALIDATE_PRODUCT = YES;
			};
			name = Release;
		};
		1F7F815F1E1CE03A00856288 /* Debug */ = {
			isa = XCBuildConfiguration;
			baseConfigurationReference = E4DDCD2DF01ABEF326314B23 /* Pods-SimpleNews.debug.xcconfig */;
			buildSettings = {
				ASSETCATALOG_COMPILER_APPICON_NAME = AppIcon;
				DEVELOPMENT_TEAM = 8EHU4VV58X;
				INFOPLIST_FILE = SimpleNews/Info.plist;
				IPHONEOS_DEPLOYMENT_TARGET = 8.0;
				LD_RUNPATH_SEARCH_PATHS = "$(inherited) @executable_path/Frameworks";
				PRODUCT_BUNDLE_IDENTIFIER = com.MrMessy.SimpleNews;
				PRODUCT_NAME = "$(TARGET_NAME)";
				SWIFT_VERSION = 2.3;
			};
			name = Debug;
		};
		1F7F81601E1CE03A00856288 /* Release */ = {
			isa = XCBuildConfiguration;
			baseConfigurationReference = E8A9F1A6F4DA5015999E5FCA /* Pods-SimpleNews.release.xcconfig */;
			buildSettings = {
				ASSETCATALOG_COMPILER_APPICON_NAME = AppIcon;
				DEVELOPMENT_TEAM = 8EHU4VV58X;
				INFOPLIST_FILE = SimpleNews/Info.plist;
				IPHONEOS_DEPLOYMENT_TARGET = 8.0;
				LD_RUNPATH_SEARCH_PATHS = "$(inherited) @executable_path/Frameworks";
				PRODUCT_BUNDLE_IDENTIFIER = com.MrMessy.SimpleNews;
				PRODUCT_NAME = "$(TARGET_NAME)";
				SWIFT_VERSION = 2.3;
			};
			name = Release;
		};
/* End XCBuildConfiguration section */

/* Begin XCConfigurationList section */
		1F7F81441E1CE03A00856288 /* Build configuration list for PBXProject "SimpleNews" */ = {
			isa = XCConfigurationList;
			buildConfigurations = (
				1F7F815C1E1CE03A00856288 /* Debug */,
				1F7F815D1E1CE03A00856288 /* Release */,
			);
			defaultConfigurationIsVisible = 0;
			defaultConfigurationName = Release;
		};
		1F7F815E1E1CE03A00856288 /* Build configuration list for PBXNativeTarget "SimpleNews" */ = {
			isa = XCConfigurationList;
			buildConfigurations = (
				1F7F815F1E1CE03A00856288 /* Debug */,
				1F7F81601E1CE03A00856288 /* Release */,
			);
			defaultConfigurationIsVisible = 0;
			defaultConfigurationName = Release;
		};
/* End XCConfigurationList section */

/* Begin XCVersionGroup section */
		1F7F81531E1CE03A00856288 /* SimpleNews.xcdatamodeld */ = {
			isa = XCVersionGroup;
			children = (
				1F7F81541E1CE03A00856288 /* SimpleNews.xcdatamodel */,
			);
			currentVersion = 1F7F81541E1CE03A00856288 /* SimpleNews.xcdatamodel */;
			path = SimpleNews.xcdatamodeld;
			sourceTree = "<group>";
			versionGroupType = wrapper.xcdatamodel;
		};
/* End XCVersionGroup section */
	};
	rootObject = 1F7F81411E1CE03A00856288 /* Project object */;
}
